// !$*UTF8*$!
{
	archiveVersion = 1;
	classes = {
	};
	objectVersion = 46;
	objects = {

/* Begin PBXBuildFile section */
		BCC4F7D81C17BE4900C47B28 /* main.m in Sources */ = {isa = PBXBuildFile; fileRef = BCC4F7D71C17BE4900C47B28 /* main.m */; };
		BCC4F7DB1C17BE4900C47B28 /* AppDelegate.m in Sources */ = {isa = PBXBuildFile; fileRef = BCC4F7DA1C17BE4900C47B28 /* AppDelegate.m */; };
		BCC4F7DE1C17BE4900C47B28 /* ViewController.m in Sources */ = {isa = PBXBuildFile; fileRef = BCC4F7DD1C17BE4900C47B28 /* ViewController.m */; };
		BCC4F7E11C17BE4900C47B28 /* Main.storyboard in Resources */ = {isa = PBXBuildFile; fileRef = BCC4F7DF1C17BE4900C47B28 /* Main.storyboard */; };
		BCC4F7E31C17BE4900C47B28 /* Images.xcassets in Resources */ = {isa = PBXBuildFile; fileRef = BCC4F7E21C17BE4900C47B28 /* Images.xcassets */; };
		BCC4F7E61C17BE4900C47B28 /* LaunchScreen.xib in Resources */ = {isa = PBXBuildFile; fileRef = BCC4F7E41C17BE4900C47B28 /* LaunchScreen.xib */; };
		BCC4F7F21C17BE4900C47B28 /* _2123Tests.m in Sources */ = {isa = PBXBuildFile; fileRef = BCC4F7F11C17BE4900C47B28 /* _2123Tests.m */; };
/* End PBXBuildFile section */

/* Begin PBXContainerItemProxy section */
		BCC4F7EC1C17BE4900C47B28 /* PBXContainerItemProxy */ = {
			isa = PBXContainerItemProxy;
			containerPortal = BCC4F7CA1C17BE4900C47B28 /* Project object */;
			proxyType = 1;
			remoteGlobalIDString = BCC4F7D11C17BE4900C47B28;
			remoteInfo = 12123;
		};
/* End PBXContainerItemProxy section */

/* Begin PBXFileReference section */
		BCC4F7D21C17BE4900C47B28 /* 12123.app */ = {isa = PBXFileReference; explicitFileType = wrapper.application; includeInIndex = 0; path = 12123.app; sourceTree = BUILT_PRODUCTS_DIR; };
		BCC4F7D61C17BE4900C47B28 /* Info.plist */ = {isa = PBXFileReference; lastKnownFileType = text.plist.xml; path = Info.plist; sourceTree = "<group>"; };
		BCC4F7D71C17BE4900C47B28 /* main.m */ = {isa = PBXFileReference; lastKnownFileType = sourcecode.c.objc; path = main.m; sourceTree = "<group>"; };
		BCC4F7D91C17BE4900C47B28 /* AppDelegate.h */ = {isa = PBXFileReference; lastKnownFileType = sourcecode.c.h; path = AppDelegate.h; sourceTree = "<group>"; };
		BCC4F7DA1C17BE4900C47B28 /* AppDelegate.m */ = {isa = PBXFileReference; lastKnownFileType = sourcecode.c.objc; path = AppDelegate.m; sourceTree = "<group>"; };
		BCC4F7DC1C17BE4900C47B28 /* ViewController.h */ = {isa = PBXFileReference; lastKnownFileType = sourcecode.c.h; path = ViewController.h; sourceTree = "<group>"; };
		BCC4F7DD1C17BE4900C47B28 /* ViewController.m */ = {isa = PBXFileReference; lastKnownFileType = sourcecode.c.objc; path = ViewController.m; sourceTree = "<group>"; };
		BCC4F7E01C17BE4900C47B28 /* Base */ = {isa = PBXFileReference; lastKnownFileType = file.storyboard; name = Base; path = Base.lproj/Main.storyboard; sourceTree = "<group>"; };
		BCC4F7E21C17BE4900C47B28 /* Images.xcassets */ = {isa = PBXFileReference; lastKnownFileType = folder.assetcatalog; path = Images.xcassets; sourceTree = "<group>"; };
		BCC4F7E51C17BE4900C47B28 /* Base */ = {isa = PBXFileReference; lastKnownFileType = file.xib; name = Base; path = Base.lproj/LaunchScreen.xib; sourceTree = "<group>"; };
		BCC4F7EB1C17BE4900C47B28 /* 12123Tests.xctest */ = {isa = PBXFileReference; explicitFileType = wrapper.cfbundle; includeInIndex = 0; path = 12123Tests.xctest; sourceTree = BUILT_PRODUCTS_DIR; };
		BCC4F7F01C17BE4900C47B28 /* Info.plist */ = {isa = PBXFileReference; lastKnownFileType = text.plist.xml; path = Info.plist; sourceTree = "<group>"; };
		BCC4F7F11C17BE4900C47B28 /* _2123Tests.m */ = {isa = PBXFileReference; lastKnownFileType = sourcecode.c.objc; path = _2123Tests.m; sourceTree = "<group>"; };
/* End PBXFileReference section */

/* Begin PBXFrameworksBuildPhase section */
		BCC4F7CF1C17BE4900C47B28 /* Frameworks */ = {
			isa = PBXFrameworksBuildPhase;
			buildActionMask = 2147483647;
			files = (
			);
			runOnlyForDeploymentPostprocessing = 0;
		};
		BCC4F7E81C17BE4900C47B28 /* Frameworks */ = {
			isa = PBXFrameworksBuildPhase;
			buildActionMask = 2147483647;
			files = (
			);
			runOnlyForDeploymentPostprocessing = 0;
		};
/* End PBXFrameworksBuildPhase section */

/* Begin PBXGroup section */
		BCC4F7C91C17BE4900C47B28 = {
			isa = PBXGroup;
			children = (
				BCC4F7D41C17BE4900C47B28 /* 12123 */,
				BCC4F7EE1C17BE4900C47B28 /* 12123Tests */,
				BCC4F7D31C17BE4900C47B28 /* Products */,
			);
			sourceTree = "<group>";
		};
		BCC4F7D31C17BE4900C47B28 /* Products */ = {
			isa = PBXGroup;
			children = (
				BCC4F7D21C17BE4900C47B28 /* 12123.app */,
				BCC4F7EB1C17BE4900C47B28 /* 12123Tests.xctest */,
			);
			name = Products;
			sourceTree = "<group>";
		};
		BCC4F7D41C17BE4900C47B28 /* 12123 */ = {
			isa = PBXGroup;
			children = (
				BCC4F7D91C17BE4900C47B28 /* AppDelegate.h */,
				BCC4F7DA1C17BE4900C47B28 /* AppDelegate.m */,
				BCC4F7DC1C17BE4900C47B28 /* ViewController.h */,
				BCC4F7DD1C17BE4900C47B28 /* ViewController.m */,
				BCC4F7DF1C17BE4900C47B28 /* Main.storyboard */,
				BCC4F7E21C17BE4900C47B28 /* Images.xcassets */,
				BCC4F7E41C17BE4900C47B28 /* LaunchScreen.xib */,
				BCC4F7D51C17BE4900C47B28 /* Supporting Files */,
			);
			path = 12123;
			sourceTree = "<group>";
		};
		BCC4F7D51C17BE4900C47B28 /* Supporting Files */ = {
			isa = PBXGroup;
			children = (
				BCC4F7D61C17BE4900C47B28 /* Info.plist */,
				BCC4F7D71C17BE4900C47B28 /* main.m */,
			);
			name = "Supporting Files";
			sourceTree = "<group>";
		};
		BCC4F7EE1C17BE4900C47B28 /* 12123Tests */ = {
			isa = PBXGroup;
			children = (
				BCC4F7F11C17BE4900C47B28 /* _2123Tests.m */,
				BCC4F7EF1C17BE4900C47B28 /* Supporting Files */,
			);
			path = 12123Tests;
			sourceTree = "<group>";
		};
		BCC4F7EF1C17BE4900C47B28 /* Supporting Files */ = {
			isa = PBXGroup;
			children = (
				BCC4F7F01C17BE4900C47B28 /* Info.plist */,
			);
			name = "Supporting Files";
			sourceTree = "<group>";
		};
/* End PBXGroup section */

/* Begin PBXNativeTarget section */
		BCC4F7D11C17BE4900C47B28 /* 12123 */ = {
			isa = PBXNativeTarget;
			buildConfigurationList = BCC4F7F51C17BE4900C47B28 /* Build configuration list for PBXNativeTarget "12123" */;
			buildPhases = (
				BCC4F7CE1C17BE4900C47B28 /* Sources */,
				BCC4F7CF1C17BE4900C47B28 /* Frameworks */,
				BCC4F7D01C17BE4900C47B28 /* Resources */,
			);
			buildRules = (
			);
			dependencies = (
			);
			name = 12123;
			productName = 12123;
			productReference = BCC4F7D21C17BE4900C47B28 /* 12123.app */;
			productType = "com.apple.product-type.application";
		};
		BCC4F7EA1C17BE4900C47B28 /* 12123Tests */ = {
			isa = PBXNativeTarget;
			buildConfigurationList = BCC4F7F81C17BE4900C47B28 /* Build configuration list for PBXNativeTarget "12123Tests" */;
			buildPhases = (
				BCC4F7E71C17BE4900C47B28 /* Sources */,
				BCC4F7E81C17BE4900C47B28 /* Frameworks */,
				BCC4F7E91C17BE4900C47B28 /* Resources */,
			);
			buildRules = (
			);
			dependencies = (
				BCC4F7ED1C17BE4900C47B28 /* PBXTargetDependency */,
			);
			name = 12123Tests;
			productName = 12123Tests;
			productReference = BCC4F7EB1C17BE4900C47B28 /* 12123Tests.xctest */;
			productType = "com.apple.product-type.bundle.unit-test";
		};
/* End PBXNativeTarget section */

/* Begin PBXProject section */
		BCC4F7CA1C17BE4900C47B28 /* Project object */ = {
			isa = PBXProject;
			attributes = {
				LastUpgradeCheck = 0630;
				ORGANIZATIONNAME = qianfeng;
				TargetAttributes = {
					BCC4F7D11C17BE4900C47B28 = {
						CreatedOnToolsVersion = 6.3.1;
					};
					BCC4F7EA1C17BE4900C47B28 = {
						CreatedOnToolsVersion = 6.3.1;
						TestTargetID = BCC4F7D11C17BE4900C47B28;
					};
				};
			};
			buildConfigurationList = BCC4F7CD1C17BE4900C47B28 /* Build configuration list for PBXProject "12123" */;
			compatibilityVersion = "Xcode 3.2";
			developmentRegion = English;
			hasScannedForEncodings = 0;
			knownRegions = (
				en,
				Base,
			);
			mainGroup = BCC4F7C91C17BE4900C47B28;
			productRefGroup = BCC4F7D31C17BE4900C47B28 /* Products */;
			projectDirPath = "";
			projectRoot = "";
			targets = (
				BCC4F7D11C17BE4900C47B28 /* 12123 */,
				BCC4F7EA1C17BE4900C47B28 /* 12123Tests */,
			);
		};
/* End PBXProject section */

/* Begin PBXResourcesBuildPhase section */
		BCC4F7D01C17BE4900C47B28 /* Resources */ = {
			isa = PBXResourcesBuildPhase;
			buildActionMask = 2147483647;
			files = (
				BCC4F7E11C17BE4900C47B28 /* Main.storyboard in Resources */,
				BCC4F7E61C17BE4900C47B28 /* LaunchScreen.xib in Resources */,
				BCC4F7E31C17BE4900C47B28 /* Images.xcassets in Resources */,
			);
			runOnlyForDeploymentPostprocessing = 0;
		};
		BCC4F7E91C17BE4900C47B28 /* Resources */ = {
			isa = PBXResourcesBuildPhase;
			buildActionMask = 2147483647;
			files = (
			);
			runOnlyForDeploymentPostprocessing = 0;
		};
/* End PBXResourcesBuildPhase section */

/* Begin PBXSourcesBuildPhase section */
		BCC4F7CE1C17BE4900C47B28 /* Sources */ = {
			isa = PBXSourcesBuildPhase;
			buildActionMask = 2147483647;
			files = (
				BCC4F7DE1C17BE4900C47B28 /* ViewController.m in Sources */,
				BCC4F7DB1C17BE4900C47B28 /* AppDelegate.m in Sources */,
				BCC4F7D81C17BE4900C47B28 /* main.m in Sources */,
			);
			runOnlyForDeploymentPostprocessing = 0;
		};
		BCC4F7E71C17BE4900C47B28 /* Sources */ = {
			isa = PBXSourcesBuildPhase;
			buildActionMask = 2147483647;
			files = (
				BCC4F7F21C17BE4900C47B28 /* _2123Tests.m in Sources */,
			);
			runOnlyForDeploymentPostprocessing = 0;
		};
/* End PBXSourcesBuildPhase section */

/* Begin PBXTargetDependency section */
		BCC4F7ED1C17BE4900C47B28 /* PBXTargetDependency */ = {
			isa = PBXTargetDependency;
			target = BCC4F7D11C17BE4900C47B28 /* 12123 */;
			targetProxy = BCC4F7EC1C17BE4900C47B28 /* PBXContainerItemProxy */;
		};
/* End PBXTargetDependency section */

/* Begin PBXVariantGroup section */
		BCC4F7DF1C17BE4900C47B28 /* Main.storyboard */ = {
			isa = PBXVariantGroup;
			children = (
				BCC4F7E01C17BE4900C47B28 /* Base */,
			);
			name = Main.storyboard;
			sourceTree = "<group>";
		};
		BCC4F7E41C17BE4900C47B28 /* LaunchScreen.xib */ = {
			isa = PBXVariantGroup;
			children = (
				BCC4F7E51C17BE4900C47B28 /* Base */,
			);
			name = LaunchScreen.xib;
			sourceTree = "<group>";
		};
/* End PBXVariantGroup section */

/* Begin XCBuildConfiguration section */
		BCC4F7F31C17BE4900C47B28 /* Debug */ = {
			isa = XCBuildConfiguration;
			buildSettings = {
				ALWAYS_SEARCH_USER_PATHS = NO;
				CLANG_CXX_LANGUAGE_STANDARD = "gnu++0x";
				CLANG_CXX_LIBRARY = "libc++";
				CLANG_ENABLE_MODULES = YES;
				CLANG_ENABLE_OBJC_ARC = YES;
				CLANG_WARN_BOOL_CONVERSION = YES;
				CLANG_WARN_CONSTANT_CONVERSION = YES;
				CLANG_WARN_DIRECT_OBJC_ISA_USAGE = YES_ERROR;
				CLANG_WARN_EMPTY_BODY = YES;
				CLANG_WARN_ENUM_CONVERSION = YES;
				CLANG_WARN_INT_CONVERSION = YES;
				CLANG_WARN_OBJC_ROOT_CLASS = YES_ERROR;
				CLANG_WARN_UNREACHABLE_CODE = YES;
				CLANG_WARN__DUPLICATE_METHOD_MATCH = YES;
				"CODE_SIGN_IDENTITY[sdk=iphoneos*]" = "iPhone Developer";
				COPY_PHASE_STRIP = NO;
				DEBUG_INFORMATION_FORMAT = "dwarf-with-dsym";
				ENABLE_STRICT_OBJC_MSGSEND = YES;
				GCC_C_LANGUAGE_STANDARD = gnu99;
				GCC_DYNAMIC_NO_PIC = NO;
				GCC_NO_COMMON_BLOCKS = YES;
				GCC_OPTIMIZATION_LEVEL = 0;
				GCC_PREPROCESSOR_DEFINITIONS = (
					"DEBUG=1",
					"$(inherited)",
				);
				GCC_SYMBOLS_PRIVATE_EXTERN = NO;
				GCC_WARN_64_TO_32_BIT_CONVERSION = YES;
				GCC_WARN_ABOUT_RETURN_TYPE = YES_ERROR;
				GCC_WARN_UNDECLARED_SELECTOR = YES;
				GCC_WARN_UNINITIALIZED_AUTOS = YES_AGGRESSIVE;
				GCC_WARN_UNUSED_FUNCTION = YES;
				GCC_WARN_UNUSED_VARIABLE = YES;
				IPHONEOS_DEPLOYMENT_TARGET = 8.3;
				MTL_ENABLE_DEBUG_INFO = YES;
				ONLY_ACTIVE_ARCH = YES;
				SDKROOT = iphoneos;
			};
			name = Debug;
		};
		BCC4F7F41C17BE4900C47B28 /* Release */ = {
			isa = XCBuildConfiguration;
			buildSettings = {
				ALWAYS_SEARCH_USER_PATHS = NO;
				CLANG_CXX_LANGUAGE_STANDARD = "gnu++0x";
				CLANG_CXX_LIBRARY = "libc++";
				CLANG_ENABLE_MODULES = YES;
				CLANG_ENABLE_OBJC_ARC = YES;
				CLANG_WARN_BOOL_CONVERSION = YES;
				CLANG_WARN_CONSTANT_CONVERSION = YES;
				CLANG_WARN_DIRECT_OBJC_ISA_USAGE = YES_ERROR;
				CLANG_WARN_EMPTY_BODY = YES;
				CLANG_WARN_ENUM_CONVERSION = YES;
				CLANG_WARN_INT_CONVERSION = YES;
				CLANG_WARN_OBJC_ROOT_CLASS = YES_ERROR;
				CLANG_WARN_UNREACHABLE_CODE = YES;
				CLANG_WARN__DUPLICATE_METHOD_MATCH = YES;
				"CODE_SIGN_IDENTITY[sdk=iphoneos*]" = "iPhone Developer";
				COPY_PHASE_STRIP = NO;
				DEBUG_INFORMATION_FORMAT = "dwarf-with-dsym";
				ENABLE_NS_ASSERTIONS = NO;
				ENABLE_STRICT_OBJC_MSGSEND = YES;
				GCC_C_LANGUAGE_STANDARD = gnu99;
				GCC_NO_COMMON_BLOCKS = YES;
				GCC_WARN_64_TO_32_BIT_CONVERSION = YES;
				GCC_WARN_ABOUT_RETURN_TYPE = YES_ERROR;
				GCC_WARN_UNDECLARED_SELECTOR = YES;
				GCC_WARN_UNINITIALIZED_AUTOS = YES_AGGRESSIVE;
				GCC_WARN_UNUSED_FUNCTION = YES;
				GCC_WARN_UNUSED_VARIABLE = YES;
				IPHONEOS_DEPLOYMENT_TARGET = 8.3;
				MTL_ENABLE_DEBUG_INFO = NO;
				SDKROOT = iphoneos;
				VALIDATE_PRODUCT = YES;
			};
			name = Release;
		};
		BCC4F7F61C17BE4900C47B28 /* Debug */ = {
			isa = XCBuildConfiguration;
			buildSettings = {
				ASSETCATALOG_COMPILER_APPICON_NAME = AppIcon;
				INFOPLIST_FILE = 12123/Info.plist;
				LD_RUNPATH_SEARCH_PATHS = "$(inherited) @executable_path/Frameworks";
				PRODUCT_NAME = "$(TARGET_NAME)";
			};
			name = Debug;
		};
		BCC4F7F71C17BE4900C47B28 /* Release */ = {
			isa = XCBuildConfiguration;
			buildSettings = {
				ASSETCATALOG_COMPILER_APPICON_NAME = AppIcon;
				INFOPLIST_FILE = 12123/Info.plist;
				LD_RUNPATH_SEARCH_PATHS = "$(inherited) @executable_path/Frameworks";
				PRODUCT_NAME = "$(TARGET_NAME)";
			};
			name = Release;
		};
		BCC4F7F91C17BE4900C47B28 /* Debug */ = {
			isa = XCBuildConfiguration;
			buildSettings = {
				BUNDLE_LOADER = "$(TEST_HOST)";
				FRAMEWORK_SEARCH_PATHS = (
					"$(SDKROOT)/Developer/Library/Frameworks",
					"$(inherited)",
				);
				GCC_PREPROCESSOR_DEFINITIONS = (
					"DEBUG=1",
					"$(inherited)",
				);
				INFOPLIST_FILE = 12123Tests/Info.plist;
				LD_RUNPATH_SEARCH_PATHS = "$(inherited) @executable_path/Frameworks @loader_path/Frameworks";
				PRODUCT_NAME = "$(TARGET_NAME)";
				TEST_HOST = "$(BUILT_PRODUCTS_DIR)/12123.app/12123";
			};
			name = Debug;
		};
		BCC4F7FA1C17BE4900C47B28 /* Release */ = {
			isa = XCBuildConfiguration;
			buildSettings = {
				BUNDLE_LOADER = "$(TEST_HOST)";
				FRAMEWORK_SEARCH_PATHS = (
					"$(SDKROOT)/Developer/Library/Frameworks",
					"$(inherited)",
				);
				INFOPLIST_FILE = 12123Tests/Info.plist;
				LD_RUNPATH_SEARCH_PATHS = "$(inherited) @executable_path/Frameworks @loader_path/Frameworks";
				PRODUCT_NAME = "$(TARGET_NAME)";
				TEST_HOST = "$(BUILT_PRODUCTS_DIR)/12123.app/12123";
			};
			name = Release;
		};
/* End XCBuildConfiguration section */

/* Begin XCConfigurationList section */
		BCC4F7CD1C17BE4900C47B28 /* Build configuration list for PBXProject "12123" */ = {
			isa = XCConfigurationList;
			buildConfigurations = (
				BCC4F7F31C17BE4900C47B28 /* Debug */,
				BCC4F7F41C17BE4900C47B28 /* Release */,
			);
			defaultConfigurationIsVisible = 0;
			defaultConfigurationName = Release;
		};
		BCC4F7F51C17BE4900C47B28 /* Build configuration list for PBXNativeTarget "12123" */ = {
			isa = XCConfigurationList;
			buildConfigurations = (
				BCC4F7F61C17BE4900C47B28 /* Debug */,
				BCC4F7F71C17BE4900C47B28 /* Release */,
			);
			defaultConfigurationIsVisible = 0;
		};
		BCC4F7F81C17BE4900C47B28 /* Build configuration list for PBXNativeTarget "12123Tests" */ = {
			isa = XCConfigurationList;
			buildConfigurations = (
				BCC4F7F91C17BE4900C47B28 /* Debug */,
				BCC4F7FA1C17BE4900C47B28 /* Release */,
			);
			defaultConfigurationIsVisible = 0;
		};
/* End XCConfigurationList section */
	};
	rootObject = BCC4F7CA1C17BE4900C47B28 /* Project object */;
}
